
Microsoft Visual Studio Solution File, Format Version 12.00
# Visual Studio Version 17
VisualStudioVersion = 17.2.32526.322
MinimumVisualStudioVersion = 10.0.40219.1
Project("{FAE04EC0-301F-11D3-BF4B-00C04F79EFBC}") = "Zad2 .NET", "WpfApp3\Zad2 .NET.csproj", "{0B4587FA-A9EF-47F1-8B07-9549ED27BB5A}"
EndProject
Global
	GlobalSection(SolutionConfigurationPlatforms) = preSolution
		Debug|Any CPU = Debug|Any CPU
		Release|Any CPU = Release|Any CPU
	EndGlobalSection
	GlobalSection(ProjectConfigurationPlatforms) = postSolution
		{0B4587FA-A9EF-47F1-8B07-9549ED27BB5A}.Debug|Any CPU.ActiveCfg = Debug|Any CPU
		{0B4587FA-A9EF-47F1-8B07-9549ED27BB5A}.Debug|Any CPU.Build.0 = Debug|Any CPU
		{0B4587FA-A9EF-47F1-8B07-9549ED27BB5A}.Release|Any CPU.ActiveCfg = Release|Any CPU
		{0B4587FA-A9EF-47F1-8B07-9549ED27BB5A}.Release|Any CPU.Build.0 = Release|Any CPU
	EndGlobalSection
	GlobalSection(SolutionProperties) = preSolution
		HideSolutionNode = FALSE
	EndGlobalSection
	GlobalSection(ExtensibilityGlobals) = postSolution
		SolutionGuid = {6BC307F6-56B2-43F4-A6BA-488E58A05D17}
	EndGlobalSection
EndGlobal
